
Microsoft Visual Studio Solution File, Format Version 12.00
# Visual Studio Version 16
VisualStudioVersion = 16.0.30523.141
MinimumVisualStudioVersion = 10.0.40219.1
Project("{FAE04EC0-301F-11D3-BF4B-00C04F79EFBC}") = "bsd-shuxue-3", "bsd-shuxue-3\bsd-shuxue-3.csproj", "{3E6F0169-FF61-4DE8-AD2B-22E1821F10FF}"
EndProject
Global
	GlobalSection(SolutionConfigurationPlatforms) = preSolution
		Debug|Any CPU = Debug|Any CPU
		Release|Any CPU = Release|Any CPU
	EndGlobalSection
	GlobalSection(ProjectConfigurationPlatforms) = postSolution
		{3E6F0169-FF61-4DE8-AD2B-22E1821F10FF}.Debug|Any CPU.ActiveCfg = Debug|Any CPU
		{3E6F0169-FF61-4DE8-AD2B-22E1821F10FF}.Debug|Any CPU.Build.0 = Debug|Any CPU
		{3E6F0169-FF61-4DE8-AD2B-22E1821F10FF}.Release|Any CPU.ActiveCfg = Release|Any CPU
		{3E6F0169-FF61-4DE8-AD2B-22E1821F10FF}.Release|Any CPU.Build.0 = Release|Any CPU
	EndGlobalSection
	GlobalSection(SolutionProperties) = preSolution
		HideSolutionNode = FALSE
	EndGlobalSection
	GlobalSection(ExtensibilityGlobals) = postSolution
		SolutionGuid = {6123A089-C10E-46BB-AC1F-ABE4810A228F}
	EndGlobalSection
EndGlobal
